// !$*UTF8*$!
{
	archiveVersion = 1;
	classes = {
	};
	objectVersion = 50;
	objects = {

/* Begin PBXBuildFile section */
		9161B38C244B45F300020538 /* AppDelegate.swift in Sources */ = {isa = PBXBuildFile; fileRef = 9161B38B244B45F300020538 /* AppDelegate.swift */; };
		9161B38E244B45F300020538 /* SceneDelegate.swift in Sources */ = {isa = PBXBuildFile; fileRef = 9161B38D244B45F300020538 /* SceneDelegate.swift */; };
		9161B390244B45F300020538 /* ViewController.swift in Sources */ = {isa = PBXBuildFile; fileRef = 9161B38F244B45F300020538 /* ViewController.swift */; };
		9161B393244B45F300020538 /* Main.storyboard in Resources */ = {isa = PBXBuildFile; fileRef = 9161B391244B45F300020538 /* Main.storyboard */; };
		9161B395244B45F500020538 /* Assets.xcassets in Resources */ = {isa = PBXBuildFile; fileRef = 9161B394244B45F500020538 /* Assets.xcassets */; };
		9161B398244B45F500020538 /* LaunchScreen.storyboard in Resources */ = {isa = PBXBuildFile; fileRef = 9161B396244B45F500020538 /* LaunchScreen.storyboard */; };
		9161B3A0244B4C8D00020538 /* AppModel.swift in Sources */ = {isa = PBXBuildFile; fileRef = 9161B39F244B4C8D00020538 /* AppModel.swift */; };
		9161B3A2244B4CA900020538 /* AppManager.swift in Sources */ = {isa = PBXBuildFile; fileRef = 9161B3A1244B4CA900020538 /* AppManager.swift */; };
		9161B3A7244B4FB500020538 /* CustomCellClass.swift in Sources */ = {isa = PBXBuildFile; fileRef = 9161B3A6244B4FB500020538 /* CustomCellClass.swift */; };
/* End PBXBuildFile section */

/* Begin PBXFileReference section */
		9161B388244B45F300020538 /* Sdsgsdfh.app */ = {isa = PBXFileReference; explicitFileType = wrapper.application; includeInIndex = 0; path = Sdsgsdfh.app; sourceTree = BUILT_PRODUCTS_DIR; };
		9161B38B244B45F300020538 /* AppDelegate.swift */ = {isa = PBXFileReference; lastKnownFileType = sourcecode.swift; path = AppDelegate.swift; sourceTree = "<group>"; };
		9161B38D244B45F300020538 /* SceneDelegate.swift */ = {isa = PBXFileReference; lastKnownFileType = sourcecode.swift; path = SceneDelegate.swift; sourceTree = "<group>"; };
		9161B38F244B45F300020538 /* ViewController.swift */ = {isa = PBXFileReference; lastKnownFileType = sourcecode.swift; path = ViewController.swift; sourceTree = "<group>"; };
		9161B392244B45F300020538 /* Base */ = {isa = PBXFileReference; lastKnownFileType = file.storyboard; name = Base; path = Base.lproj/Main.storyboard; sourceTree = "<group>"; };
		9161B394244B45F500020538 /* Assets.xcassets */ = {isa = PBXFileReference; lastKnownFileType = folder.assetcatalog; path = Assets.xcassets; sourceTree = "<group>"; };
		9161B397244B45F500020538 /* Base */ = {isa = PBXFileReference; lastKnownFileType = file.storyboard; name = Base; path = Base.lproj/LaunchScreen.storyboard; sourceTree = "<group>"; };
		9161B399244B45F500020538 /* Info.plist */ = {isa = PBXFileReference; lastKnownFileType = text.plist.xml; path = Info.plist; sourceTree = "<group>"; };
		9161B39F244B4C8D00020538 /* AppModel.swift */ = {isa = PBXFileReference; lastKnownFileType = sourcecode.swift; path = AppModel.swift; sourceTree = "<group>"; };
		9161B3A1244B4CA900020538 /* AppManager.swift */ = {isa = PBXFileReference; lastKnownFileType = sourcecode.swift; path = AppManager.swift; sourceTree = "<group>"; };
		9161B3A6244B4FB500020538 /* CustomCellClass.swift */ = {isa = PBXFileReference; lastKnownFileType = sourcecode.swift; name = CustomCellClass.swift; path = Sdsgsdfh/Assets.xcassets/CustomCellClass.swift; sourceTree = SOURCE_ROOT; };
/* End PBXFileReference section */

/* Begin PBXFrameworksBuildPhase section */
		9161B385244B45F300020538 /* Frameworks */ = {
			isa = PBXFrameworksBuildPhase;
			buildActionMask = 2147483647;
			files = (
			);
			runOnlyForDeploymentPostprocessing = 0;
		};
/* End PBXFrameworksBuildPhase section */

/* Begin PBXGroup section */
		9161B37F244B45F300020538 = {
			isa = PBXGroup;
			children = (
				9161B38A244B45F300020538 /* Sdsgsdfh */,
				9161B389244B45F300020538 /* Products */,
			);
			sourceTree = "<group>";
		};
		9161B389244B45F300020538 /* Products */ = {
			isa = PBXGroup;
			children = (
				9161B388244B45F300020538 /* Sdsgsdfh.app */,
			);
			name = Products;
			sourceTree = "<group>";
		};
		9161B38A244B45F300020538 /* Sdsgsdfh */ = {
			isa = PBXGroup;
			children = (
				9161B38B244B45F300020538 /* AppDelegate.swift */,
				9161B38D244B45F300020538 /* SceneDelegate.swift */,
				9161B3A3244B4F5E00020538 /* Model */,
				9161B3A5244B4F7100020538 /* View */,
				9161B3A4244B4F6500020538 /* Controller */,
				9161B394244B45F500020538 /* Assets.xcassets */,
				9161B396244B45F500020538 /* LaunchScreen.storyboard */,
				9161B399244B45F500020538 /* Info.plist */,
			);
			path = Sdsgsdfh;
			sourceTree = "<group>";
		};
		9161B3A3244B4F5E00020538 /* Model */ = {
			isa = PBXGroup;
			children = (
				9161B39F244B4C8D00020538 /* AppModel.swift */,
				9161B3A1244B4CA900020538 /* AppManager.swift */,
			);
			path = Model;
			sourceTree = "<group>";
		};
		9161B3A4244B4F6500020538 /* Controller */ = {
			isa = PBXGroup;
			children = (
				9161B3A6244B4FB500020538 /* CustomCellClass.swift */,
				9161B38F244B45F300020538 /* ViewController.swift */,
			);
			path = Controller;
			sourceTree = "<group>";
		};
		9161B3A5244B4F7100020538 /* View */ = {
			isa = PBXGroup;
			children = (
				9161B391244B45F300020538 /* Main.storyboard */,
			);
			path = View;
			sourceTree = "<group>";
		};
/* End PBXGroup section */

/* Begin PBXNativeTarget section */
		9161B387244B45F300020538 /* Sdsgsdfh */ = {
			isa = PBXNativeTarget;
			buildConfigurationList = 9161B39C244B45F500020538 /* Build configuration list for PBXNativeTarget "Sdsgsdfh" */;
			buildPhases = (
				9161B384244B45F300020538 /* Sources */,
				9161B385244B45F300020538 /* Frameworks */,
				9161B386244B45F300020538 /* Resources */,
			);
			buildRules = (
			);
			dependencies = (
			);
			name = Sdsgsdfh;
			productName = Sdsgsdfh;
			productReference = 9161B388244B45F300020538 /* Sdsgsdfh.app */;
			productType = "com.apple.product-type.application";
		};
/* End PBXNativeTarget section */

/* Begin PBXProject section */
		9161B380244B45F300020538 /* Project object */ = {
			isa = PBXProject;
			attributes = {
				LastSwiftUpdateCheck = 1140;
				LastUpgradeCheck = 1140;
				ORGANIZATIONNAME = "Yasharth Saxena";
				TargetAttributes = {
					9161B387244B45F300020538 = {
						CreatedOnToolsVersion = 11.4.1;
					};
				};
			};
			buildConfigurationList = 9161B383244B45F300020538 /* Build configuration list for PBXProject "Sdsgsdfh" */;
			compatibilityVersion = "Xcode 9.3";
			developmentRegion = en;
			hasScannedForEncodings = 0;
			knownRegions = (
				en,
				Base,
			);
			mainGroup = 9161B37F244B45F300020538;
			productRefGroup = 9161B389244B45F300020538 /* Products */;
			projectDirPath = "";
			projectRoot = "";
			targets = (
				9161B387244B45F300020538 /* Sdsgsdfh */,
			);
		};
/* End PBXProject section */

/* Begin PBXResourcesBuildPhase section */
		9161B386244B45F300020538 /* Resources */ = {
			isa = PBXResourcesBuildPhase;
			buildActionMask = 2147483647;
			files = (
				9161B398244B45F500020538 /* LaunchScreen.storyboard in Resources */,
				9161B395244B45F500020538 /* Assets.xcassets in Resources */,
				9161B393244B45F300020538 /* Main.storyboard in Resources */,
			);
			runOnlyForDeploymentPostprocessing = 0;
		};
/* End PBXResourcesBuildPhase section */

/* Begin PBXSourcesBuildPhase section */
		9161B384244B45F300020538 /* Sources */ = {
			isa = PBXSourcesBuildPhase;
			buildActionMask = 2147483647;
			files = (
				9161B390244B45F300020538 /* ViewController.swift in Sources */,
				9161B3A2244B4CA900020538 /* AppManager.swift in Sources */,
				9161B38C244B45F300020538 /* AppDelegate.swift in Sources */,
				9161B38E244B45F300020538 /* SceneDelegate.swift in Sources */,
				9161B3A0244B4C8D00020538 /* AppModel.swift in Sources */,
				9161B3A7244B4FB500020538 /* CustomCellClass.swift in Sources */,
			);
			runOnlyForDeploymentPostprocessing = 0;
		};
/* End PBXSourcesBuildPhase section */

/* Begin PBXVariantGroup section */
		9161B391244B45F300020538 /* Main.storyboard */ = {
			isa = PBXVariantGroup;
			children = (
				9161B392244B45F300020538 /* Base */,
			);
			name = Main.storyboard;
			sourceTree = "<group>";
		};
		9161B396244B45F500020538 /* LaunchScreen.storyboard */ = {
			isa = PBXVariantGroup;
			children = (
				9161B397244B45F500020538 /* Base */,
			);
			name = LaunchScreen.storyboard;
			sourceTree = "<group>";
		};
/* End PBXVariantGroup section */

/* Begin XCBuildConfiguration section */
		9161B39A244B45F500020538 /* Debug */ = {
			isa = XCBuildConfiguration;
			buildSettings = {
				ALWAYS_SEARCH_USER_PATHS = NO;
				CLANG_ANALYZER_NONNULL = YES;
				CLANG_ANALYZER_NUMBER_OBJECT_CONVERSION = YES_AGGRESSIVE;
				CLANG_CXX_LANGUAGE_STANDARD = "gnu++14";
				CLANG_CXX_LIBRARY = "libc++";
				CLANG_ENABLE_MODULES = YES;
				CLANG_ENABLE_OBJC_ARC = YES;
				CLANG_ENABLE_OBJC_WEAK = YES;
				CLANG_WARN_BLOCK_CAPTURE_AUTORELEASING = YES;
				CLANG_WARN_BOOL_CONVERSION = YES;
				CLANG_WARN_COMMA = YES;
				CLANG_WARN_CONSTANT_CONVERSION = YES;
				CLANG_WARN_DEPRECATED_OBJC_IMPLEMENTATIONS = YES;
				CLANG_WARN_DIRECT_OBJC_ISA_USAGE = YES_ERROR;
				CLANG_WARN_DOCUMENTATION_COMMENTS = YES;
				CLANG_WARN_EMPTY_BODY = YES;
				CLANG_WARN_ENUM_CONVERSION = YES;
				CLANG_WARN_INFINITE_RECURSION = YES;
				CLANG_WARN_INT_CONVERSION = YES;
				CLANG_WARN_NON_LITERAL_NULL_CONVERSION = YES;
				CLANG_WARN_OBJC_IMPLICIT_RETAIN_SELF = YES;
				CLANG_WARN_OBJC_LITERAL_CONVERSION = YES;
				CLANG_WARN_OBJC_ROOT_CLASS = YES_ERROR;
				CLANG_WARN_RANGE_LOOP_ANALYSIS = YES;
				CLANG_WARN_STRICT_PROTOTYPES = YES;
				CLANG_WARN_SUSPICIOUS_MOVE = YES;
				CLANG_WARN_UNGUARDED_AVAILABILITY = YES_AGGRESSIVE;
				CLANG_WARN_UNREACHABLE_CODE = YES;
				CLANG_WARN__DUPLICATE_METHOD_MATCH = YES;
				COPY_PHASE_STRIP = NO;
				DEBUG_INFORMATION_FORMAT = dwarf;
				ENABLE_STRICT_OBJC_MSGSEND = YES;
				ENABLE_TESTABILITY = YES;
				GCC_C_LANGUAGE_STANDARD = gnu11;
				GCC_DYNAMIC_NO_PIC = NO;
				GCC_NO_COMMON_BLOCKS = YES;
				GCC_OPTIMIZATION_LEVEL = 0;
				GCC_PREPROCESSOR_DEFINITIONS = (
					"DEBUG=1",
					"$(inherited)",
				);
				GCC_WARN_64_TO_32_BIT_CONVERSION = YES;
				GCC_WARN_ABOUT_RETURN_TYPE = YES_ERROR;
				GCC_WARN_UNDECLARED_SELECTOR = YES;
				GCC_WARN_UNINITIALIZED_AUTOS = YES_AGGRESSIVE;
				GCC_WARN_UNUSED_FUNCTION = YES;
				GCC_WARN_UNUSED_VARIABLE = YES;
				IPHONEOS_DEPLOYMENT_TARGET = 13.4;
				MTL_ENABLE_DEBUG_INFO = INCLUDE_SOURCE;
				MTL_FAST_MATH = YES;
				ONLY_ACTIVE_ARCH = YES;
				SDKROOT = iphoneos;
				SWIFT_ACTIVE_COMPILATION_CONDITIONS = DEBUG;
				SWIFT_OPTIMIZATION_LEVEL = "-Onone";
			};
			name = Debug;
		};
		9161B39B244B45F500020538 /* Release */ = {
			isa = XCBuildConfiguration;
			buildSettings = {
				ALWAYS_SEARCH_USER_PATHS = NO;
				CLANG_ANALYZER_NONNULL = YES;
				CLANG_ANALYZER_NUMBER_OBJECT_CONVERSION = YES_AGGRESSIVE;
				CLANG_CXX_LANGUAGE_STANDARD = "gnu++14";
				CLANG_CXX_LIBRARY = "libc++";
				CLANG_ENABLE_MODULES = YES;
				CLANG_ENABLE_OBJC_ARC = YES;
				CLANG_ENABLE_OBJC_WEAK = YES;
				CLANG_WARN_BLOCK_CAPTURE_AUTORELEASING = YES;
				CLANG_WARN_BOOL_CONVERSION = YES;
				CLANG_WARN_COMMA = YES;
				CLANG_WARN_CONSTANT_CONVERSION = YES;
				CLANG_WARN_DEPRECATED_OBJC_IMPLEMENTATIONS = YES;
				CLANG_WARN_DIRECT_OBJC_ISA_USAGE = YES_ERROR;
				CLANG_WARN_DOCUMENTATION_COMMENTS = YES;
				CLANG_WARN_EMPTY_BODY = YES;
				CLANG_WARN_ENUM_CONVERSION = YES;
				CLANG_WARN_INFINITE_RECURSION = YES;
				CLANG_WARN_INT_CONVERSION = YES;
				CLANG_WARN_NON_LITERAL_NULL_CONVERSION = YES;
				CLANG_WARN_OBJC_IMPLICIT_RETAIN_SELF = YES;
				CLANG_WARN_OBJC_LITERAL_CONVERSION = YES;
				CLANG_WARN_OBJC_ROOT_CLASS = YES_ERROR;
				CLANG_WARN_RANGE_LOOP_ANALYSIS = YES;
				CLANG_WARN_STRICT_PROTOTYPES = YES;
				CLANG_WARN_SUSPICIOUS_MOVE = YES;
				CLANG_WARN_UNGUARDED_AVAILABILITY = YES_AGGRESSIVE;
				CLANG_WARN_UNREACHABLE_CODE = YES;
				CLANG_WARN__DUPLICATE_METHOD_MATCH = YES;
				COPY_PHASE_STRIP = NO;
				DEBUG_INFORMATION_FORMAT = "dwarf-with-dsym";
				ENABLE_NS_ASSERTIONS = NO;
				ENABLE_STRICT_OBJC_MSGSEND = YES;
				GCC_C_LANGUAGE_STANDARD = gnu11;
				GCC_NO_COMMON_BLOCKS = YES;
				GCC_WARN_64_TO_32_BIT_CONVERSION = YES;
				GCC_WARN_ABOUT_RETURN_TYPE = YES_ERROR;
				GCC_WARN_UNDECLARED_SELECTOR = YES;
				GCC_WARN_UNINITIALIZED_AUTOS = YES_AGGRESSIVE;
				GCC_WARN_UNUSED_FUNCTION = YES;
				GCC_WARN_UNUSED_VARIABLE = YES;
				IPHONEOS_DEPLOYMENT_TARGET = 13.4;
				MTL_ENABLE_DEBUG_INFO = NO;
				MTL_FAST_MATH = YES;
				SDKROOT = iphoneos;
				SWIFT_COMPILATION_MODE = wholemodule;
				SWIFT_OPTIMIZATION_LEVEL = "-O";
				VALIDATE_PRODUCT = YES;
			};
			name = Release;
		};
		9161B39D244B45F500020538 /* Debug */ = {
			isa = XCBuildConfiguration;
			buildSettings = {
				ASSETCATALOG_COMPILER_APPICON_NAME = AppIcon;
				CODE_SIGN_STYLE = Automatic;
				INFOPLIST_FILE = Sdsgsdfh/Info.plist;
				LD_RUNPATH_SEARCH_PATHS = (
					"$(inherited)",
					"@executable_path/Frameworks",
				);
				PRODUCT_BUNDLE_IDENTIFIER = com.yasharth.Sdsgsdfh;
				PRODUCT_NAME = "$(TARGET_NAME)";
				SWIFT_VERSION = 5.0;
				TARGETED_DEVICE_FAMILY = "1,2";
			};
			name = Debug;
		};
		9161B39E244B45F500020538 /* Release */ = {
			isa = XCBuildConfiguration;
			buildSettings = {
				ASSETCATALOG_COMPILER_APPICON_NAME = AppIcon;
				CODE_SIGN_STYLE = Automatic;
				INFOPLIST_FILE = Sdsgsdfh/Info.plist;
				LD_RUNPATH_SEARCH_PATHS = (
					"$(inherited)",
					"@executable_path/Frameworks",
				);
				PRODUCT_BUNDLE_IDENTIFIER = com.yasharth.Sdsgsdfh;
				PRODUCT_NAME = "$(TARGET_NAME)";
				SWIFT_VERSION = 5.0;
				TARGETED_DEVICE_FAMILY = "1,2";
			};
			name = Release;
		};
/* End XCBuildConfiguration section */

/* Begin XCConfigurationList section */
		9161B383244B45F300020538 /* Build configuration list for PBXProject "Sdsgsdfh" */ = {
			isa = XCConfigurationList;
			buildConfigurations = (
				9161B39A244B45F500020538 /* Debug */,
				9161B39B244B45F500020538 /* Release */,
			);
			defaultConfigurationIsVisible = 0;
			defaultConfigurationName = Release;
		};
		9161B39C244B45F500020538 /* Build configuration list for PBXNativeTarget "Sdsgsdfh" */ = {
			isa = XCConfigurationList;
			buildConfigurations = (
				9161B39D244B45F500020538 /* Debug */,
				9161B39E244B45F500020538 /* Release */,
			);
			defaultConfigurationIsVisible = 0;
			defaultConfigurationName = Release;
		};
/* End XCConfigurationList section */
	};
	rootObject = 9161B380244B45F300020538 /* Project object */;
}
